// !$*UTF8*$!
{
	archiveVersion = 1;
	classes = {
	};
	objectVersion = 56;
	objects = {

/* Begin PBXBuildFile section */
		058557BB273AAA24004C7B11 /* Assets.xcassets in Resources */ = {isa = PBXBuildFile; fileRef = 058557BA273AAA24004C7B11 /* Assets.xcassets */; };
		058557D9273AAEEB004C7B11 /* Preview Assets.xcassets in Resources */ = {isa = PBXBuildFile; fileRef = 058557D8273AAEEB004C7B11 /* Preview Assets.xcassets */; };
		2152FB042600AC8F00CF470E /* iOSApp.swift in Sources */ = {isa = PBXBuildFile; fileRef = 2152FB032600AC8F00CF470E /* iOSApp.swift */; };
		280B78B32DF99FE800CF8CB7 /* IOSFirebaseCrashlyticsBindings.swift in Sources */ = {isa = PBXBuildFile; fileRef = 280B78B22DF99FE800CF8CB7 /* IOSFirebaseCrashlyticsBindings.swift */; };
		280B78E02DF9BE7700CF8CB7 /* SignInViewModel.swift in Sources */ = {isa = PBXBuildFile; fileRef = 280B78DF2DF9BE7700CF8CB7 /* SignInViewModel.swift */; };
		280B78E22DF9CF4C00CF8CB7 /* SignUpViewModel.swift in Sources */ = {isa = PBXBuildFile; fileRef = 280B78E12DF9CF4C00CF8CB7 /* SignUpViewModel.swift */; };
		280B78E42DF9D07900CF8CB7 /* SignUpView.swift in Sources */ = {isa = PBXBuildFile; fileRef = 280B78E32DF9D07800CF8CB7 /* SignUpView.swift */; };
		281A163C2DFB252400CE70F5 /* wix_made_for_text_medium.ttf in Resources */ = {isa = PBXBuildFile; fileRef = 281A16392DFB252400CE70F5 /* wix_made_for_text_medium.ttf */; };
		281A163D2DFB252400CE70F5 /* wix_made_for_text_regular.ttf in Resources */ = {isa = PBXBuildFile; fileRef = 281A163A2DFB252400CE70F5 /* wix_made_for_text_regular.ttf */; };
		281A163E2DFB252400CE70F5 /* wix_made_for_text_semi_bold.ttf in Resources */ = {isa = PBXBuildFile; fileRef = 281A163B2DFB252400CE70F5 /* wix_made_for_text_semi_bold.ttf */; };
		281A16442DFB2AC500CE70F5 /* Color+.swift in Sources */ = {isa = PBXBuildFile; fileRef = 281A16432DFB2AC500CE70F5 /* Color+.swift */; };
		281A16462DFB2BC600CE70F5 /* AppTheme.swift in Sources */ = {isa = PBXBuildFile; fileRef = 281A16452DFB2BC600CE70F5 /* AppTheme.swift */; };
		281A16492DFB2DCF00CE70F5 /* AppFont.swift in Sources */ = {isa = PBXBuildFile; fileRef = 281A16482DFB2DCF00CE70F5 /* AppFont.swift */; };
		281A16542DFB4F2200CE70F5 /* AppHomeView.swift in Sources */ = {isa = PBXBuildFile; fileRef = 281A16532DFB4F2200CE70F5 /* AppHomeView.swift */; };
		282411592E01646000317A84 /* GoogleService-Info.plist in Resources */ = {isa = PBXBuildFile; fileRef = 282411582E01646000317A84 /* GoogleService-Info.plist */; };
		2824115E2E01766700317A84 /* HomeScreenView.swift in Sources */ = {isa = PBXBuildFile; fileRef = 2824115D2E01766700317A84 /* HomeScreenView.swift */; };
		282411602E01767E00317A84 /* HomeScreenViewModel.swift in Sources */ = {isa = PBXBuildFile; fileRef = 2824115F2E01767E00317A84 /* HomeScreenViewModel.swift */; };
		2852F7F02E0A976D001997A3 /* FavoriteViewModel.swift in Sources */ = {isa = PBXBuildFile; fileRef = 2852F7EF2E0A976D001997A3 /* FavoriteViewModel.swift */; };
		2852F7F62E0AA1F5001997A3 /* BookDetailView.swift in Sources */ = {isa = PBXBuildFile; fileRef = 2852F7F52E0AA1F5001997A3 /* BookDetailView.swift */; };
		2852F7F82E0AA206001997A3 /* BookDetailViewModel.swift in Sources */ = {isa = PBXBuildFile; fileRef = 2852F7F72E0AA206001997A3 /* BookDetailViewModel.swift */; };
		2852F7FB2E0AD9F4001997A3 /* BookGridCard.swift in Sources */ = {isa = PBXBuildFile; fileRef = 2852F7FA2E0AD9F4001997A3 /* BookGridCard.swift */; };
		2852F7FD2E0B086B001997A3 /* HomeTabBarVisibility.swift in Sources */ = {isa = PBXBuildFile; fileRef = 2852F7FC2E0B086B001997A3 /* HomeTabBarVisibility.swift */; };
		2852F8022E0C21A4001997A3 /* BackButtonView.swift in Sources */ = {isa = PBXBuildFile; fileRef = 2852F8012E0C21A4001997A3 /* BackButtonView.swift */; };
		2852F8042E0C27A8001997A3 /* BookmarkButtonView.swift in Sources */ = {isa = PBXBuildFile; fileRef = 2852F8032E0C27A8001997A3 /* BookmarkButtonView.swift */; };
		2852F8062E0C4EF0001997A3 /* NavigationScreenTitleView.swift in Sources */ = {isa = PBXBuildFile; fileRef = 2852F8052E0C4EF0001997A3 /* NavigationScreenTitleView.swift */; };
		2852F8082E0C6B2E001997A3 /* ThemeToggleButtonView.swift in Sources */ = {isa = PBXBuildFile; fileRef = 2852F8072E0C6B2E001997A3 /* ThemeToggleButtonView.swift */; };
		2852F80A2E0D232C001997A3 /* AppColors.swift in Sources */ = {isa = PBXBuildFile; fileRef = 2852F8092E0D232C001997A3 /* AppColors.swift */; };
		2852F80C2E0D2601001997A3 /* ThemeViewModelService.swift in Sources */ = {isa = PBXBuildFile; fileRef = 2852F80B2E0D2601001997A3 /* ThemeViewModelService.swift */; };
		2852F80E2E0D6442001997A3 /* SearchScreenViewModel.swift in Sources */ = {isa = PBXBuildFile; fileRef = 2852F80D2E0D6442001997A3 /* SearchScreenViewModel.swift */; };
		2852F8132E0D79DB001997A3 /* RadioButtonView.swift in Sources */ = {isa = PBXBuildFile; fileRef = 2852F8122E0D79DA001997A3 /* RadioButtonView.swift */; };
		286859B22E08407800FA1AFB /* HomeIconShape.swift in Sources */ = {isa = PBXBuildFile; fileRef = 286859B12E08407800FA1AFB /* HomeIconShape.swift */; };
		286859B82E0864F900FA1AFB /* BookmarkIconShape.swift in Sources */ = {isa = PBXBuildFile; fileRef = 286859B72E0864F900FA1AFB /* BookmarkIconShape.swift */; };
		286859BA2E08697100FA1AFB /* BookmarkFillIconShape.swift in Sources */ = {isa = PBXBuildFile; fileRef = 286859B92E08697100FA1AFB /* BookmarkFillIconShape.swift */; };
		286859BC2E0869EC00FA1AFB /* DarkModeIconShape.swift in Sources */ = {isa = PBXBuildFile; fileRef = 286859BB2E0869EC00FA1AFB /* DarkModeIconShape.swift */; };
		286859BE2E086A9400FA1AFB /* HomeFillIconShape.swift in Sources */ = {isa = PBXBuildFile; fileRef = 286859BD2E086A9400FA1AFB /* HomeFillIconShape.swift */; };
		286859C02E086ACA00FA1AFB /* LightModeIconShape.swift in Sources */ = {isa = PBXBuildFile; fileRef = 286859BF2E086ACA00FA1AFB /* LightModeIconShape.swift */; };
		286859C22E086B3600FA1AFB /* SearchIconShape.swift in Sources */ = {isa = PBXBuildFile; fileRef = 286859C12E086B3600FA1AFB /* SearchIconShape.swift */; };
		28C958BE2E05596E0072A7AE /* ToastAlertView.swift in Sources */ = {isa = PBXBuildFile; fileRef = 28C958BD2E05596E0072A7AE /* ToastAlertView.swift */; };
		28C958C22E05626A0072A7AE /* HomeTabBarView.swift in Sources */ = {isa = PBXBuildFile; fileRef = 28C958C12E05626A0072A7AE /* HomeTabBarView.swift */; };
		28C958CA2E056CED0072A7AE /* FavoriteView.swift in Sources */ = {isa = PBXBuildFile; fileRef = 28C958C92E056CED0072A7AE /* FavoriteView.swift */; };
		28C958CC2E056CFE0072A7AE /* SearchScreenView.swift in Sources */ = {isa = PBXBuildFile; fileRef = 28C958CB2E056CFE0072A7AE /* SearchScreenView.swift */; };
		28C958CF2E057CBF0072A7AE /* AlertMessage.swift in Sources */ = {isa = PBXBuildFile; fileRef = 28C958CE2E057CBF0072A7AE /* AlertMessage.swift */; };
		28E2A6BE2DDCC87F00D17E84 /* FlowPublisher.swift in Sources */ = {isa = PBXBuildFile; fileRef = 28E2A6BD2DDCC87F00D17E84 /* FlowPublisher.swift */; };
		7555FF83242A565900829871 /* SignInView.swift in Sources */ = {isa = PBXBuildFile; fileRef = 7555FF82242A565900829871 /* SignInView.swift */; };
		E9DF959EFF7178F7445E158D /* Pods_iosApp.framework in Frameworks */ = {isa = PBXBuildFile; fileRef = 119D91297E23472B7BA97F87 /* Pods_iosApp.framework */; };
/* End PBXBuildFile section */

/* Begin PBXFileReference section */
		058557BA273AAA24004C7B11 /* Assets.xcassets */ = {isa = PBXFileReference; lastKnownFileType = folder.assetcatalog; path = Assets.xcassets; sourceTree = "<group>"; };
		058557D8273AAEEB004C7B11 /* Preview Assets.xcassets */ = {isa = PBXFileReference; lastKnownFileType = folder.assetcatalog; path = "Preview Assets.xcassets"; sourceTree = "<group>"; };
		119D91297E23472B7BA97F87 /* Pods_iosApp.framework */ = {isa = PBXFileReference; explicitFileType = wrapper.framework; includeInIndex = 0; path = Pods_iosApp.framework; sourceTree = BUILT_PRODUCTS_DIR; };
		2152FB032600AC8F00CF470E /* iOSApp.swift */ = {isa = PBXFileReference; lastKnownFileType = sourcecode.swift; path = iOSApp.swift; sourceTree = "<group>"; };
		280B78B22DF99FE800CF8CB7 /* IOSFirebaseCrashlyticsBindings.swift */ = {isa = PBXFileReference; lastKnownFileType = sourcecode.swift; path = IOSFirebaseCrashlyticsBindings.swift; sourceTree = "<group>"; };
		280B78DF2DF9BE7700CF8CB7 /* SignInViewModel.swift */ = {isa = PBXFileReference; lastKnownFileType = sourcecode.swift; path = SignInViewModel.swift; sourceTree = "<group>"; };
		280B78E12DF9CF4C00CF8CB7 /* SignUpViewModel.swift */ = {isa = PBXFileReference; lastKnownFileType = sourcecode.swift; path = SignUpViewModel.swift; sourceTree = "<group>"; };
		280B78E32DF9D07800CF8CB7 /* SignUpView.swift */ = {isa = PBXFileReference; lastKnownFileType = sourcecode.swift; path = SignUpView.swift; sourceTree = "<group>"; };
		281A16392DFB252400CE70F5 /* wix_made_for_text_medium.ttf */ = {isa = PBXFileReference; lastKnownFileType = file; path = wix_made_for_text_medium.ttf; sourceTree = "<group>"; };
		281A163A2DFB252400CE70F5 /* wix_made_for_text_regular.ttf */ = {isa = PBXFileReference; lastKnownFileType = file; path = wix_made_for_text_regular.ttf; sourceTree = "<group>"; };
		281A163B2DFB252400CE70F5 /* wix_made_for_text_semi_bold.ttf */ = {isa = PBXFileReference; lastKnownFileType = file; path = wix_made_for_text_semi_bold.ttf; sourceTree = "<group>"; };
		281A16432DFB2AC500CE70F5 /* Color+.swift */ = {isa = PBXFileReference; lastKnownFileType = sourcecode.swift; path = "Color+.swift"; sourceTree = "<group>"; };
		281A16452DFB2BC600CE70F5 /* AppTheme.swift */ = {isa = PBXFileReference; lastKnownFileType = sourcecode.swift; path = AppTheme.swift; sourceTree = "<group>"; };
		281A16482DFB2DCF00CE70F5 /* AppFont.swift */ = {isa = PBXFileReference; lastKnownFileType = sourcecode.swift; path = AppFont.swift; sourceTree = "<group>"; };
		281A16532DFB4F2200CE70F5 /* AppHomeView.swift */ = {isa = PBXFileReference; lastKnownFileType = sourcecode.swift; path = AppHomeView.swift; sourceTree = "<group>"; };
		282411582E01646000317A84 /* GoogleService-Info.plist */ = {isa = PBXFileReference; fileEncoding = 4; lastKnownFileType = text.plist.xml; path = "GoogleService-Info.plist"; sourceTree = "<group>"; };
		2824115D2E01766700317A84 /* HomeScreenView.swift */ = {isa = PBXFileReference; lastKnownFileType = sourcecode.swift; path = HomeScreenView.swift; sourceTree = "<group>"; };
		2824115F2E01767E00317A84 /* HomeScreenViewModel.swift */ = {isa = PBXFileReference; lastKnownFileType = sourcecode.swift; path = HomeScreenViewModel.swift; sourceTree = "<group>"; };
		2852F7EF2E0A976D001997A3 /* FavoriteViewModel.swift */ = {isa = PBXFileReference; lastKnownFileType = sourcecode.swift; path = FavoriteViewModel.swift; sourceTree = "<group>"; };
		2852F7F52E0AA1F5001997A3 /* BookDetailView.swift */ = {isa = PBXFileReference; lastKnownFileType = sourcecode.swift; path = BookDetailView.swift; sourceTree = "<group>"; };
		2852F7F72E0AA206001997A3 /* BookDetailViewModel.swift */ = {isa = PBXFileReference; lastKnownFileType = sourcecode.swift; path = BookDetailViewModel.swift; sourceTree = "<group>"; };
		2852F7FA2E0AD9F4001997A3 /* BookGridCard.swift */ = {isa = PBXFileReference; lastKnownFileType = sourcecode.swift; path = BookGridCard.swift; sourceTree = "<group>"; };
		2852F7FC2E0B086B001997A3 /* HomeTabBarVisibility.swift */ = {isa = PBXFileReference; lastKnownFileType = sourcecode.swift; path = HomeTabBarVisibility.swift; sourceTree = "<group>"; };
		2852F8012E0C21A4001997A3 /* BackButtonView.swift */ = {isa = PBXFileReference; lastKnownFileType = sourcecode.swift; path = BackButtonView.swift; sourceTree = "<group>"; };
		2852F8032E0C27A8001997A3 /* BookmarkButtonView.swift */ = {isa = PBXFileReference; lastKnownFileType = sourcecode.swift; path = BookmarkButtonView.swift; sourceTree = "<group>"; };
		2852F8052E0C4EF0001997A3 /* NavigationScreenTitleView.swift */ = {isa = PBXFileReference; lastKnownFileType = sourcecode.swift; path = NavigationScreenTitleView.swift; sourceTree = "<group>"; };
		2852F8072E0C6B2E001997A3 /* ThemeToggleButtonView.swift */ = {isa = PBXFileReference; lastKnownFileType = sourcecode.swift; path = ThemeToggleButtonView.swift; sourceTree = "<group>"; };
		2852F8092E0D232C001997A3 /* AppColors.swift */ = {isa = PBXFileReference; lastKnownFileType = sourcecode.swift; path = AppColors.swift; sourceTree = "<group>"; };
		2852F80B2E0D2601001997A3 /* ThemeViewModelService.swift */ = {isa = PBXFileReference; lastKnownFileType = sourcecode.swift; path = ThemeViewModelService.swift; sourceTree = "<group>"; };
		2852F80D2E0D6442001997A3 /* SearchScreenViewModel.swift */ = {isa = PBXFileReference; lastKnownFileType = sourcecode.swift; path = SearchScreenViewModel.swift; sourceTree = "<group>"; };
		2852F8122E0D79DA001997A3 /* RadioButtonView.swift */ = {isa = PBXFileReference; lastKnownFileType = sourcecode.swift; path = RadioButtonView.swift; sourceTree = "<group>"; };
		286859B12E08407800FA1AFB /* HomeIconShape.swift */ = {isa = PBXFileReference; lastKnownFileType = sourcecode.swift; path = HomeIconShape.swift; sourceTree = "<group>"; };
		286859B72E0864F900FA1AFB /* BookmarkIconShape.swift */ = {isa = PBXFileReference; lastKnownFileType = sourcecode.swift; path = BookmarkIconShape.swift; sourceTree = "<group>"; };
		286859B92E08697100FA1AFB /* BookmarkFillIconShape.swift */ = {isa = PBXFileReference; lastKnownFileType = sourcecode.swift; path = BookmarkFillIconShape.swift; sourceTree = "<group>"; };
		286859BB2E0869EC00FA1AFB /* DarkModeIconShape.swift */ = {isa = PBXFileReference; lastKnownFileType = sourcecode.swift; path = DarkModeIconShape.swift; sourceTree = "<group>"; };
		286859BD2E086A9400FA1AFB /* HomeFillIconShape.swift */ = {isa = PBXFileReference; lastKnownFileType = sourcecode.swift; path = HomeFillIconShape.swift; sourceTree = "<group>"; };
		286859BF2E086ACA00FA1AFB /* LightModeIconShape.swift */ = {isa = PBXFileReference; lastKnownFileType = sourcecode.swift; path = LightModeIconShape.swift; sourceTree = "<group>"; };
		286859C12E086B3600FA1AFB /* SearchIconShape.swift */ = {isa = PBXFileReference; lastKnownFileType = sourcecode.swift; path = SearchIconShape.swift; sourceTree = "<group>"; };
		28C958BD2E05596E0072A7AE /* ToastAlertView.swift */ = {isa = PBXFileReference; lastKnownFileType = sourcecode.swift; path = ToastAlertView.swift; sourceTree = "<group>"; };
		28C958C12E05626A0072A7AE /* HomeTabBarView.swift */ = {isa = PBXFileReference; lastKnownFileType = sourcecode.swift; path = HomeTabBarView.swift; sourceTree = "<group>"; };
		28C958C92E056CED0072A7AE /* FavoriteView.swift */ = {isa = PBXFileReference; lastKnownFileType = sourcecode.swift; path = FavoriteView.swift; sourceTree = "<group>"; };
		28C958CB2E056CFE0072A7AE /* SearchScreenView.swift */ = {isa = PBXFileReference; lastKnownFileType = sourcecode.swift; path = SearchScreenView.swift; sourceTree = "<group>"; };
		28C958CE2E057CBF0072A7AE /* AlertMessage.swift */ = {isa = PBXFileReference; lastKnownFileType = sourcecode.swift; path = AlertMessage.swift; sourceTree = "<group>"; };
		28E2A6BD2DDCC87F00D17E84 /* FlowPublisher.swift */ = {isa = PBXFileReference; lastKnownFileType = sourcecode.swift; path = FlowPublisher.swift; sourceTree = "<group>"; };
		495CD30E0D0C57F4D693418F /* Pods-iosApp.release.xcconfig */ = {isa = PBXFileReference; includeInIndex = 1; lastKnownFileType = text.xcconfig; name = "Pods-iosApp.release.xcconfig"; path = "Target Support Files/Pods-iosApp/Pods-iosApp.release.xcconfig"; sourceTree = "<group>"; };
		7555FF7B242A565900829871 /* ExampleApp.app */ = {isa = PBXFileReference; explicitFileType = wrapper.application; includeInIndex = 0; path = ExampleApp.app; sourceTree = BUILT_PRODUCTS_DIR; };
		7555FF82242A565900829871 /* SignInView.swift */ = {isa = PBXFileReference; lastKnownFileType = sourcecode.swift; path = SignInView.swift; sourceTree = "<group>"; };
		7555FF8C242A565B00829871 /* Info.plist */ = {isa = PBXFileReference; lastKnownFileType = text.plist.xml; path = Info.plist; sourceTree = "<group>"; };
		AB3632DC29227652001CCB65 /* Config.xcconfig */ = {isa = PBXFileReference; fileEncoding = 4; lastKnownFileType = text.xcconfig; path = Config.xcconfig; sourceTree = "<group>"; };
		D74E563207F2CD3D3BF724E8 /* Pods-iosApp.debug.xcconfig */ = {isa = PBXFileReference; includeInIndex = 1; lastKnownFileType = text.xcconfig; name = "Pods-iosApp.debug.xcconfig"; path = "Target Support Files/Pods-iosApp/Pods-iosApp.debug.xcconfig"; sourceTree = "<group>"; };
/* End PBXFileReference section */

/* Begin PBXFrameworksBuildPhase section */
		B92378962B6B1156000C7307 /* Frameworks */ = {
			isa = PBXFrameworksBuildPhase;
			buildActionMask = 2147483647;
			files = (
				E9DF959EFF7178F7445E158D /* Pods_iosApp.framework in Frameworks */,
			);
			runOnlyForDeploymentPostprocessing = 0;
		};
/* End PBXFrameworksBuildPhase section */

/* Begin PBXGroup section */
		058557D7273AAEEB004C7B11 /* Preview Content */ = {
			isa = PBXGroup;
			children = (
				058557D8273AAEEB004C7B11 /* Preview Assets.xcassets */,
			);
			path = "Preview Content";
			sourceTree = "<group>";
		};
		280B78D32DF9BC1300CF8CB7 /* App life */ = {
			isa = PBXGroup;
			children = (
				2152FB032600AC8F00CF470E /* iOSApp.swift */,
				281A16532DFB4F2200CE70F5 /* AppHomeView.swift */,
			);
			path = "App life";
			sourceTree = "<group>";
		};
		280B78D42DF9BC2600CF8CB7 /* Screens */ = {
			isa = PBXGroup;
			children = (
				2852F7F22E0AA1CA001997A3 /* Book Detail */,
				28C958C42E056CB40072A7AE /* Search */,
				28C958C32E056CA30072A7AE /* Favorite */,
				2824115A2E01764300317A84 /* Home */,
				280B78DA2DF9BC5D00CF8CB7 /* Sign In */,
				280B78D92DF9BC4800CF8CB7 /* Sign Up */,
			);
			path = Screens;
			sourceTree = "<group>";
		};
		280B78D52DF9BC2E00CF8CB7 /* Services */ = {
			isa = PBXGroup;
			children = (
				2852F80B2E0D2601001997A3 /* ThemeViewModelService.swift */,
			);
			path = Services;
			sourceTree = "<group>";
		};
		280B78D62DF9BC3400CF8CB7 /* Helper */ = {
			isa = PBXGroup;
			children = (
				280B78B22DF99FE800CF8CB7 /* IOSFirebaseCrashlyticsBindings.swift */,
				28E2A6BD2DDCC87F00D17E84 /* FlowPublisher.swift */,
			);
			path = Helper;
			sourceTree = "<group>";
		};
		280B78D72DF9BC3A00CF8CB7 /* Extensions */ = {
			isa = PBXGroup;
			children = (
				281A16432DFB2AC500CE70F5 /* Color+.swift */,
			);
			path = Extensions;
			sourceTree = "<group>";
		};
		280B78D92DF9BC4800CF8CB7 /* Sign Up */ = {
			isa = PBXGroup;
			children = (
				280B78DE2DF9BC8000CF8CB7 /* View */,
				280B78DD2DF9BC7A00CF8CB7 /* View Model */,
			);
			path = "Sign Up";
			sourceTree = "<group>";
		};
		280B78DA2DF9BC5D00CF8CB7 /* Sign In */ = {
			isa = PBXGroup;
			children = (
				280B78DC2DF9BC7000CF8CB7 /* View */,
				280B78DB2DF9BC6800CF8CB7 /* View Model */,
			);
			path = "Sign In";
			sourceTree = "<group>";
		};
		280B78DB2DF9BC6800CF8CB7 /* View Model */ = {
			isa = PBXGroup;
			children = (
				280B78DF2DF9BE7700CF8CB7 /* SignInViewModel.swift */,
			);
			path = "View Model";
			sourceTree = "<group>";
		};
		280B78DC2DF9BC7000CF8CB7 /* View */ = {
			isa = PBXGroup;
			children = (
				7555FF82242A565900829871 /* SignInView.swift */,
			);
			path = View;
			sourceTree = "<group>";
		};
		280B78DD2DF9BC7A00CF8CB7 /* View Model */ = {
			isa = PBXGroup;
			children = (
				280B78E12DF9CF4C00CF8CB7 /* SignUpViewModel.swift */,
			);
			path = "View Model";
			sourceTree = "<group>";
		};
		280B78DE2DF9BC8000CF8CB7 /* View */ = {
			isa = PBXGroup;
			children = (
				280B78E32DF9D07800CF8CB7 /* SignUpView.swift */,
			);
			path = View;
			sourceTree = "<group>";
		};
		281A16362DFB1B3500CE70F5 /* Source */ = {
			isa = PBXGroup;
			children = (
				286859B02E08406100FA1AFB /* Icon Config */,
				28C958CD2E057CAC0072A7AE /* Alert Config */,
				281A16472DFB2D6800CE70F5 /* Font Config */,
				281A16402DFB2A0000CE70F5 /* Color Config */,
				281A16382DFB215A00CE70F5 /* Fonts */,
			);
			path = Source;
			sourceTree = "<group>";
		};
		281A16382DFB215A00CE70F5 /* Fonts */ = {
			isa = PBXGroup;
			children = (
				281A16392DFB252400CE70F5 /* wix_made_for_text_medium.ttf */,
				281A163A2DFB252400CE70F5 /* wix_made_for_text_regular.ttf */,
				281A163B2DFB252400CE70F5 /* wix_made_for_text_semi_bold.ttf */,
			);
			path = Fonts;
			sourceTree = "<group>";
		};
		281A16402DFB2A0000CE70F5 /* Color Config */ = {
			isa = PBXGroup;
			children = (
				281A16452DFB2BC600CE70F5 /* AppTheme.swift */,
				2852F8092E0D232C001997A3 /* AppColors.swift */,
			);
			path = "Color Config";
			sourceTree = "<group>";
		};
		281A16472DFB2D6800CE70F5 /* Font Config */ = {
			isa = PBXGroup;
			children = (
				281A16482DFB2DCF00CE70F5 /* AppFont.swift */,
			);
			path = "Font Config";
			sourceTree = "<group>";
		};
		2824115A2E01764300317A84 /* Home */ = {
			isa = PBXGroup;
			children = (
				2824115B2E01764F00317A84 /* View */,
				2824115C2E01765400317A84 /* View Model */,
			);
			path = Home;
			sourceTree = "<group>";
		};
		2824115B2E01764F00317A84 /* View */ = {
			isa = PBXGroup;
			children = (
				2824115D2E01766700317A84 /* HomeScreenView.swift */,
			);
			path = View;
			sourceTree = "<group>";
		};
		2824115C2E01765400317A84 /* View Model */ = {
			isa = PBXGroup;
			children = (
				2824115F2E01767E00317A84 /* HomeScreenViewModel.swift */,
			);
			path = "View Model";
			sourceTree = "<group>";
		};
		2852F7F22E0AA1CA001997A3 /* Book Detail */ = {
			isa = PBXGroup;
			children = (
				2852F7F32E0AA1D2001997A3 /* View */,
				2852F7F42E0AA1D6001997A3 /* View Model */,
			);
			path = "Book Detail";
			sourceTree = "<group>";
		};
		2852F7F32E0AA1D2001997A3 /* View */ = {
			isa = PBXGroup;
			children = (
				2852F7F52E0AA1F5001997A3 /* BookDetailView.swift */,
			);
			path = View;
			sourceTree = "<group>";
		};
		2852F7F42E0AA1D6001997A3 /* View Model */ = {
			isa = PBXGroup;
			children = (
				2852F7F72E0AA206001997A3 /* BookDetailViewModel.swift */,
			);
			path = "View Model";
			sourceTree = "<group>";
		};
		2852F7F92E0AD9D1001997A3 /* Book Screen */ = {
			isa = PBXGroup;
			children = (
				2852F7FA2E0AD9F4001997A3 /* BookGridCard.swift */,
			);
			path = "Book Screen";
			sourceTree = "<group>";
		};
		2852F7FE2E0B086F001997A3 /* Modificator */ = {
			isa = PBXGroup;
			children = (
				2852F7FC2E0B086B001997A3 /* HomeTabBarVisibility.swift */,
			);
			path = Modificator;
			sourceTree = "<group>";
		};
		2852F7FF2E0C217E001997A3 /* Navigation Item */ = {
			isa = PBXGroup;
			children = (
				2852F8002E0C2194001997A3 /* View */,
			);
			path = "Navigation Item";
			sourceTree = "<group>";
		};
		2852F8002E0C2194001997A3 /* View */ = {
			isa = PBXGroup;
			children = (
				2852F8012E0C21A4001997A3 /* BackButtonView.swift */,
				2852F8032E0C27A8001997A3 /* BookmarkButtonView.swift */,
				2852F8052E0C4EF0001997A3 /* NavigationScreenTitleView.swift */,
				2852F8072E0C6B2E001997A3 /* ThemeToggleButtonView.swift */,
			);
			path = View;
			sourceTree = "<group>";
		};
		2852F80F2E0D7949001997A3 /* Search Screen */ = {
			isa = PBXGroup;
			children = (
				2852F8112E0D79BE001997A3 /* View */,
			);
			path = "Search Screen";
			sourceTree = "<group>";
		};
		2852F8112E0D79BE001997A3 /* View */ = {
			isa = PBXGroup;
			children = (
				2852F8122E0D79DA001997A3 /* RadioButtonView.swift */,
			);
			path = View;
			sourceTree = "<group>";
		};
		286859B02E08406100FA1AFB /* Icon Config */ = {
			isa = PBXGroup;
			children = (
				286859B12E08407800FA1AFB /* HomeIconShape.swift */,
				286859B72E0864F900FA1AFB /* BookmarkIconShape.swift */,
				286859B92E08697100FA1AFB /* BookmarkFillIconShape.swift */,
				286859BB2E0869EC00FA1AFB /* DarkModeIconShape.swift */,
				286859BD2E086A9400FA1AFB /* HomeFillIconShape.swift */,
				286859BF2E086ACA00FA1AFB /* LightModeIconShape.swift */,
				286859C12E086B3600FA1AFB /* SearchIconShape.swift */,
			);
			path = "Icon Config";
			sourceTree = "<group>";
		};
		286859B52E085B5300FA1AFB /* Alert */ = {
			isa = PBXGroup;
			children = (
				286859B62E085B5800FA1AFB /* View */,
			);
			path = Alert;
			sourceTree = "<group>";
		};
		286859B62E085B5800FA1AFB /* View */ = {
			isa = PBXGroup;
			children = (
				28C958BD2E05596E0072A7AE /* ToastAlertView.swift */,
			);
			path = View;
			sourceTree = "<group>";
		};
		28C958BC2E0559530072A7AE /* Modificators */ = {
			isa = PBXGroup;
			children = (
				2852F80F2E0D7949001997A3 /* Search Screen */,
				2852F7FF2E0C217E001997A3 /* Navigation Item */,
				2852F7F92E0AD9D1001997A3 /* Book Screen */,
				286859B52E085B5300FA1AFB /* Alert */,
				28C958BF2E05624B0072A7AE /* Home Tab Bar */,
			);
			path = Modificators;
			sourceTree = "<group>";
		};
		28C958BF2E05624B0072A7AE /* Home Tab Bar */ = {
			isa = PBXGroup;
			children = (
				2852F7FE2E0B086F001997A3 /* Modificator */,
				28C958C02E05625E0072A7AE /* View */,
			);
			path = "Home Tab Bar";
			sourceTree = "<group>";
		};
		28C958C02E05625E0072A7AE /* View */ = {
			isa = PBXGroup;
			children = (
				28C958C12E05626A0072A7AE /* HomeTabBarView.swift */,
			);
			path = View;
			sourceTree = "<group>";
		};
		28C958C32E056CA30072A7AE /* Favorite */ = {
			isa = PBXGroup;
			children = (
				28C958C52E056CB90072A7AE /* View */,
				28C958C62E056CBC0072A7AE /* View Model */,
			);
			path = Favorite;
			sourceTree = "<group>";
		};
		28C958C42E056CB40072A7AE /* Search */ = {
			isa = PBXGroup;
			children = (
				28C958C82E056CD00072A7AE /* View */,
				28C958C72E056CC20072A7AE /* View Model */,
			);
			path = Search;
			sourceTree = "<group>";
		};
		28C958C52E056CB90072A7AE /* View */ = {
			isa = PBXGroup;
			children = (
				28C958C92E056CED0072A7AE /* FavoriteView.swift */,
			);
			path = View;
			sourceTree = "<group>";
		};
		28C958C62E056CBC0072A7AE /* View Model */ = {
			isa = PBXGroup;
			children = (
				2852F7EF2E0A976D001997A3 /* FavoriteViewModel.swift */,
			);
			path = "View Model";
			sourceTree = "<group>";
		};
		28C958C72E056CC20072A7AE /* View Model */ = {
			isa = PBXGroup;
			children = (
				2852F80D2E0D6442001997A3 /* SearchScreenViewModel.swift */,
			);
			path = "View Model";
			sourceTree = "<group>";
		};
		28C958C82E056CD00072A7AE /* View */ = {
			isa = PBXGroup;
			children = (
				28C958CB2E056CFE0072A7AE /* SearchScreenView.swift */,
			);
			path = View;
			sourceTree = "<group>";
		};
		28C958CD2E057CAC0072A7AE /* Alert Config */ = {
			isa = PBXGroup;
			children = (
				28C958CE2E057CBF0072A7AE /* AlertMessage.swift */,
			);
			path = "Alert Config";
			sourceTree = "<group>";
		};
		42799AB246E5F90AF97AA0EF /* Frameworks */ = {
			isa = PBXGroup;
			children = (
				119D91297E23472B7BA97F87 /* Pods_iosApp.framework */,
			);
			name = Frameworks;
			sourceTree = "<group>";
		};
		7555FF72242A565900829871 = {
			isa = PBXGroup;
			children = (
				AB1DB47929225F7C00F7AF9C /* Configuration */,
				7555FF7D242A565900829871 /* iosApp */,
				7555FF7C242A565900829871 /* Products */,
				42799AB246E5F90AF97AA0EF /* Frameworks */,
				C665AE471CF1F2719CE16F2E /* Pods */,
			);
			sourceTree = "<group>";
		};
		7555FF7C242A565900829871 /* Products */ = {
			isa = PBXGroup;
			children = (
				7555FF7B242A565900829871 /* ExampleApp.app */,
			);
			name = Products;
			sourceTree = "<group>";
		};
		7555FF7D242A565900829871 /* iosApp */ = {
			isa = PBXGroup;
			children = (
				28C958BC2E0559530072A7AE /* Modificators */,
				282411582E01646000317A84 /* GoogleService-Info.plist */,
				281A16362DFB1B3500CE70F5 /* Source */,
				280B78D72DF9BC3A00CF8CB7 /* Extensions */,
				280B78D62DF9BC3400CF8CB7 /* Helper */,
				280B78D52DF9BC2E00CF8CB7 /* Services */,
				280B78D42DF9BC2600CF8CB7 /* Screens */,
				280B78D32DF9BC1300CF8CB7 /* App life */,
				058557BA273AAA24004C7B11 /* Assets.xcassets */,
				7555FF8C242A565B00829871 /* Info.plist */,
				058557D7273AAEEB004C7B11 /* Preview Content */,
			);
			path = iosApp;
			sourceTree = "<group>";
		};
		AB1DB47929225F7C00F7AF9C /* Configuration */ = {
			isa = PBXGroup;
			children = (
				AB3632DC29227652001CCB65 /* Config.xcconfig */,
			);
			path = Configuration;
			sourceTree = "<group>";
		};
		C665AE471CF1F2719CE16F2E /* Pods */ = {
			isa = PBXGroup;
			children = (
				D74E563207F2CD3D3BF724E8 /* Pods-iosApp.debug.xcconfig */,
				495CD30E0D0C57F4D693418F /* Pods-iosApp.release.xcconfig */,
			);
			path = Pods;
			sourceTree = "<group>";
		};
/* End PBXGroup section */

/* Begin PBXNativeTarget section */
		7555FF7A242A565900829871 /* iosApp */ = {
			isa = PBXNativeTarget;
			buildConfigurationList = 7555FFA5242A565B00829871 /* Build configuration list for PBXNativeTarget "iosApp" */;
			buildPhases = (
				EE5BC7D7C0FD4332982AFA51 /* [CP] Check Pods Manifest.lock */,
				F36B1CEA2AD836FC00CB74D5 /* Compile Kotlin Framework */,
				7555FF77242A565900829871 /* Sources */,
				B92378962B6B1156000C7307 /* Frameworks */,
				7555FF79242A565900829871 /* Resources */,
				7926AC855D19A89848208132 /* [CP] Embed Pods Frameworks */,
			);
			buildRules = (
			);
			dependencies = (
			);
			name = iosApp;
			packageProductDependencies = (
			);
			productName = iosApp;
			productReference = 7555FF7B242A565900829871 /* ExampleApp.app */;
			productType = "com.apple.product-type.application";
		};
/* End PBXNativeTarget section */

/* Begin PBXProject section */
		7555FF73242A565900829871 /* Project object */ = {
			isa = PBXProject;
			attributes = {
				BuildIndependentTargetsInParallel = YES;
				LastSwiftUpdateCheck = 1130;
				LastUpgradeCheck = 1540;
				ORGANIZATIONNAME = orgName;
				TargetAttributes = {
					7555FF7A242A565900829871 = {
						CreatedOnToolsVersion = 11.3.1;
					};
				};
			};
			buildConfigurationList = 7555FF76242A565900829871 /* Build configuration list for PBXProject "iosApp" */;
			compatibilityVersion = "Xcode 14.0";
			developmentRegion = en;
			hasScannedForEncodings = 0;
			knownRegions = (
				en,
				Base,
			);
			mainGroup = 7555FF72242A565900829871;
			packageReferences = (
			);
			productRefGroup = 7555FF7C242A565900829871 /* Products */;
			projectDirPath = "";
			projectRoot = "";
			targets = (
				7555FF7A242A565900829871 /* iosApp */,
			);
		};
/* End PBXProject section */

/* Begin PBXResourcesBuildPhase section */
		7555FF79242A565900829871 /* Resources */ = {
			isa = PBXResourcesBuildPhase;
			buildActionMask = 2147483647;
			files = (
				281A163D2DFB252400CE70F5 /* wix_made_for_text_regular.ttf in Resources */,
				281A163C2DFB252400CE70F5 /* wix_made_for_text_medium.ttf in Resources */,
				281A163E2DFB252400CE70F5 /* wix_made_for_text_semi_bold.ttf in Resources */,
				058557D9273AAEEB004C7B11 /* Preview Assets.xcassets in Resources */,
				058557BB273AAA24004C7B11 /* Assets.xcassets in Resources */,
				282411592E01646000317A84 /* GoogleService-Info.plist in Resources */,
			);
			runOnlyForDeploymentPostprocessing = 0;
		};
/* End PBXResourcesBuildPhase section */

/* Begin PBXShellScriptBuildPhase section */
		7926AC855D19A89848208132 /* [CP] Embed Pods Frameworks */ = {
			isa = PBXShellScriptBuildPhase;
			buildActionMask = 2147483647;
			files = (
			);
			inputFileListPaths = (
				"${PODS_ROOT}/Target Support Files/Pods-iosApp/Pods-iosApp-frameworks-${CONFIGURATION}-input-files.xcfilelist",
			);
			name = "[CP] Embed Pods Frameworks";
			outputFileListPaths = (
				"${PODS_ROOT}/Target Support Files/Pods-iosApp/Pods-iosApp-frameworks-${CONFIGURATION}-output-files.xcfilelist",
			);
			runOnlyForDeploymentPostprocessing = 0;
			shellPath = /bin/sh;
			shellScript = "\"${PODS_ROOT}/Target Support Files/Pods-iosApp/Pods-iosApp-frameworks.sh\"\n";
			showEnvVarsInLog = 0;
		};
		EE5BC7D7C0FD4332982AFA51 /* [CP] Check Pods Manifest.lock */ = {
			isa = PBXShellScriptBuildPhase;
			buildActionMask = 2147483647;
			files = (
			);
			inputFileListPaths = (
			);
			inputPaths = (
				"${PODS_PODFILE_DIR_PATH}/Podfile.lock",
				"${PODS_ROOT}/Manifest.lock",
			);
			name = "[CP] Check Pods Manifest.lock";
			outputFileListPaths = (
			);
			outputPaths = (
				"$(DERIVED_FILE_DIR)/Pods-iosApp-checkManifestLockResult.txt",
			);
			runOnlyForDeploymentPostprocessing = 0;
			shellPath = /bin/sh;
			shellScript = "diff \"${PODS_PODFILE_DIR_PATH}/Podfile.lock\" \"${PODS_ROOT}/Manifest.lock\" > /dev/null\nif [ $? != 0 ] ; then\n    # print error to STDERR\n    echo \"error: The sandbox is not in sync with the Podfile.lock. Run 'pod install' or update your CocoaPods installation.\" >&2\n    exit 1\nfi\n# This output is used by Xcode 'outputs' to avoid re-running this script phase.\necho \"SUCCESS\" > \"${SCRIPT_OUTPUT_FILE_0}\"\n";
			showEnvVarsInLog = 0;
		};
		F36B1CEA2AD836FC00CB74D5 /* Compile Kotlin Framework */ = {
			isa = PBXShellScriptBuildPhase;
			buildActionMask = 2147483647;
			files = (
			);
			inputFileListPaths = (
			);
			inputPaths = (
			);
			name = "Compile Kotlin Framework";
			outputFileListPaths = (
			);
			outputPaths = (
			);
			runOnlyForDeploymentPostprocessing = 0;
			shellPath = /bin/sh;
			shellScript = "if [ \"YES\" = \"$OVERRIDE_KOTLIN_BUILD_IDE_SUPPORTED\" ]; then\n  echo \"Skipping Gradle build task invocation due to OVERRIDE_KOTLIN_BUILD_IDE_SUPPORTED environment variable set to \\\"YES\\\"\"\n  exit 0\nfi\ncd \"$SRCROOT/..\"\n./gradlew :shared:embedAndSignAppleFrameworkForXcode\n";
		};
/* End PBXShellScriptBuildPhase section */

/* Begin PBXSourcesBuildPhase section */
		7555FF77242A565900829871 /* Sources */ = {
			isa = PBXSourcesBuildPhase;
			buildActionMask = 2147483647;
			files = (
				2852F8042E0C27A8001997A3 /* BookmarkButtonView.swift in Sources */,
				286859C22E086B3600FA1AFB /* SearchIconShape.swift in Sources */,
				2852F8022E0C21A4001997A3 /* BackButtonView.swift in Sources */,
				2152FB042600AC8F00CF470E /* iOSApp.swift in Sources */,
				2852F80E2E0D6442001997A3 /* SearchScreenViewModel.swift in Sources */,
				281A16442DFB2AC500CE70F5 /* Color+.swift in Sources */,
				2852F8132E0D79DB001997A3 /* RadioButtonView.swift in Sources */,
				2852F7FD2E0B086B001997A3 /* HomeTabBarVisibility.swift in Sources */,
				281A16492DFB2DCF00CE70F5 /* AppFont.swift in Sources */,
				281A16462DFB2BC600CE70F5 /* AppTheme.swift in Sources */,
				7555FF83242A565900829871 /* SignInView.swift in Sources */,
				28C958C22E05626A0072A7AE /* HomeTabBarView.swift in Sources */,
				28C958CC2E056CFE0072A7AE /* SearchScreenView.swift in Sources */,
				280B78E02DF9BE7700CF8CB7 /* SignInViewModel.swift in Sources */,
				281A16542DFB4F2200CE70F5 /* AppHomeView.swift in Sources */,
				2852F7FB2E0AD9F4001997A3 /* BookGridCard.swift in Sources */,
				28C958CA2E056CED0072A7AE /* FavoriteView.swift in Sources */,
				286859BA2E08697100FA1AFB /* BookmarkFillIconShape.swift in Sources */,
				2852F7F02E0A976D001997A3 /* FavoriteViewModel.swift in Sources */,
				286859C02E086ACA00FA1AFB /* LightModeIconShape.swift in Sources */,
				2852F80A2E0D232C001997A3 /* AppColors.swift in Sources */,
				2852F7F82E0AA206001997A3 /* BookDetailViewModel.swift in Sources */,
				286859B22E08407800FA1AFB /* HomeIconShape.swift in Sources */,
				28C958CF2E057CBF0072A7AE /* AlertMessage.swift in Sources */,
				2852F80C2E0D2601001997A3 /* ThemeViewModelService.swift in Sources */,
				280B78B32DF99FE800CF8CB7 /* IOSFirebaseCrashlyticsBindings.swift in Sources */,
				28C958BE2E05596E0072A7AE /* ToastAlertView.swift in Sources */,
				286859BE2E086A9400FA1AFB /* HomeFillIconShape.swift in Sources */,
				2852F8062E0C4EF0001997A3 /* NavigationScreenTitleView.swift in Sources */,
				280B78E42DF9D07900CF8CB7 /* SignUpView.swift in Sources */,
				282411602E01767E00317A84 /* HomeScreenViewModel.swift in Sources */,
				2824115E2E01766700317A84 /* HomeScreenView.swift in Sources */,
				2852F7F62E0AA1F5001997A3 /* BookDetailView.swift in Sources */,
				286859BC2E0869EC00FA1AFB /* DarkModeIconShape.swift in Sources */,
				28E2A6BE2DDCC87F00D17E84 /* FlowPublisher.swift in Sources */,
				280B78E22DF9CF4C00CF8CB7 /* SignUpViewModel.swift in Sources */,
				2852F8082E0C6B2E001997A3 /* ThemeToggleButtonView.swift in Sources */,
				286859B82E0864F900FA1AFB /* BookmarkIconShape.swift in Sources */,
			);
			runOnlyForDeploymentPostprocessing = 0;
		};
/* End PBXSourcesBuildPhase section */

/* Begin XCBuildConfiguration section */
		7555FFA3242A565B00829871 /* Debug */ = {
			isa = XCBuildConfiguration;
			baseConfigurationReference = AB3632DC29227652001CCB65 /* Config.xcconfig */;
			buildSettings = {
				ALWAYS_SEARCH_USER_PATHS = NO;
				CLANG_ANALYZER_NONNULL = YES;
				CLANG_ANALYZER_NUMBER_OBJECT_CONVERSION = YES_AGGRESSIVE;
				CLANG_CXX_LANGUAGE_STANDARD = "gnu++14";
				CLANG_CXX_LIBRARY = "libc++";
				CLANG_ENABLE_MODULES = YES;
				CLANG_ENABLE_OBJC_ARC = YES;
				CLANG_ENABLE_OBJC_WEAK = YES;
				CLANG_WARN_BLOCK_CAPTURE_AUTORELEASING = YES;
				CLANG_WARN_BOOL_CONVERSION = YES;
				CLANG_WARN_COMMA = YES;
				CLANG_WARN_CONSTANT_CONVERSION = YES;
				CLANG_WARN_DEPRECATED_OBJC_IMPLEMENTATIONS = YES;
				CLANG_WARN_DIRECT_OBJC_ISA_USAGE = YES_ERROR;
				CLANG_WARN_DOCUMENTATION_COMMENTS = YES;
				CLANG_WARN_EMPTY_BODY = YES;
				CLANG_WARN_ENUM_CONVERSION = YES;
				CLANG_WARN_INFINITE_RECURSION = YES;
				CLANG_WARN_INT_CONVERSION = YES;
				CLANG_WARN_NON_LITERAL_NULL_CONVERSION = YES;
				CLANG_WARN_OBJC_IMPLICIT_RETAIN_SELF = YES;
				CLANG_WARN_OBJC_LITERAL_CONVERSION = YES;
				CLANG_WARN_OBJC_ROOT_CLASS = YES_ERROR;
				CLANG_WARN_QUOTED_INCLUDE_IN_FRAMEWORK_HEADER = YES;
				CLANG_WARN_RANGE_LOOP_ANALYSIS = YES;
				CLANG_WARN_STRICT_PROTOTYPES = YES;
				CLANG_WARN_SUSPICIOUS_MOVE = YES;
				CLANG_WARN_UNGUARDED_AVAILABILITY = YES_AGGRESSIVE;
				CLANG_WARN_UNREACHABLE_CODE = YES;
				CLANG_WARN__DUPLICATE_METHOD_MATCH = YES;
				COPY_PHASE_STRIP = NO;
				DEBUG_INFORMATION_FORMAT = "dwarf-with-dsym";
				ENABLE_STRICT_OBJC_MSGSEND = YES;
				ENABLE_TESTABILITY = YES;
				ENABLE_USER_SCRIPT_SANDBOXING = NO;
				GCC_C_LANGUAGE_STANDARD = gnu11;
				GCC_DYNAMIC_NO_PIC = NO;
				GCC_NO_COMMON_BLOCKS = YES;
				GCC_OPTIMIZATION_LEVEL = 0;
				GCC_PREPROCESSOR_DEFINITIONS = (
					"DEBUG=1",
					"$(inherited)",
				);
				GCC_WARN_64_TO_32_BIT_CONVERSION = YES;
				GCC_WARN_ABOUT_RETURN_TYPE = YES_ERROR;
				GCC_WARN_UNDECLARED_SELECTOR = YES;
				GCC_WARN_UNINITIALIZED_AUTOS = YES_AGGRESSIVE;
				GCC_WARN_UNUSED_FUNCTION = YES;
				GCC_WARN_UNUSED_VARIABLE = YES;
				IPHONEOS_DEPLOYMENT_TARGET = 16.0;
				MTL_ENABLE_DEBUG_INFO = INCLUDE_SOURCE;
				MTL_FAST_MATH = YES;
				ONLY_ACTIVE_ARCH = YES;
				SDKROOT = iphoneos;
				SWIFT_ACTIVE_COMPILATION_CONDITIONS = DEBUG;
				SWIFT_OPTIMIZATION_LEVEL = "-Onone";
			};
			name = Debug;
		};
		7555FFA4242A565B00829871 /* Release */ = {
			isa = XCBuildConfiguration;
			baseConfigurationReference = AB3632DC29227652001CCB65 /* Config.xcconfig */;
			buildSettings = {
				ALWAYS_SEARCH_USER_PATHS = NO;
				CLANG_ANALYZER_NONNULL = YES;
				CLANG_ANALYZER_NUMBER_OBJECT_CONVERSION = YES_AGGRESSIVE;
				CLANG_CXX_LANGUAGE_STANDARD = "gnu++14";
				CLANG_CXX_LIBRARY = "libc++";
				CLANG_ENABLE_MODULES = YES;
				CLANG_ENABLE_OBJC_ARC = YES;
				CLANG_ENABLE_OBJC_WEAK = YES;
				CLANG_WARN_BLOCK_CAPTURE_AUTORELEASING = YES;
				CLANG_WARN_BOOL_CONVERSION = YES;
				CLANG_WARN_COMMA = YES;
				CLANG_WARN_CONSTANT_CONVERSION = YES;
				CLANG_WARN_DEPRECATED_OBJC_IMPLEMENTATIONS = YES;
				CLANG_WARN_DIRECT_OBJC_ISA_USAGE = YES_ERROR;
				CLANG_WARN_DOCUMENTATION_COMMENTS = YES;
				CLANG_WARN_EMPTY_BODY = YES;
				CLANG_WARN_ENUM_CONVERSION = YES;
				CLANG_WARN_INFINITE_RECURSION = YES;
				CLANG_WARN_INT_CONVERSION = YES;
				CLANG_WARN_NON_LITERAL_NULL_CONVERSION = YES;
				CLANG_WARN_OBJC_IMPLICIT_RETAIN_SELF = YES;
				CLANG_WARN_OBJC_LITERAL_CONVERSION = YES;
				CLANG_WARN_OBJC_ROOT_CLASS = YES_ERROR;
				CLANG_WARN_QUOTED_INCLUDE_IN_FRAMEWORK_HEADER = YES;
				CLANG_WARN_RANGE_LOOP_ANALYSIS = YES;
				CLANG_WARN_STRICT_PROTOTYPES = YES;
				CLANG_WARN_SUSPICIOUS_MOVE = YES;
				CLANG_WARN_UNGUARDED_AVAILABILITY = YES_AGGRESSIVE;
				CLANG_WARN_UNREACHABLE_CODE = YES;
				CLANG_WARN__DUPLICATE_METHOD_MATCH = YES;
				COPY_PHASE_STRIP = NO;
				DEBUG_INFORMATION_FORMAT = "dwarf-with-dsym";
				ENABLE_NS_ASSERTIONS = NO;
				ENABLE_STRICT_OBJC_MSGSEND = YES;
				ENABLE_USER_SCRIPT_SANDBOXING = NO;
				GCC_C_LANGUAGE_STANDARD = gnu11;
				GCC_NO_COMMON_BLOCKS = YES;
				GCC_WARN_64_TO_32_BIT_CONVERSION = YES;
				GCC_WARN_ABOUT_RETURN_TYPE = YES_ERROR;
				GCC_WARN_UNDECLARED_SELECTOR = YES;
				GCC_WARN_UNINITIALIZED_AUTOS = YES_AGGRESSIVE;
				GCC_WARN_UNUSED_FUNCTION = YES;
				GCC_WARN_UNUSED_VARIABLE = YES;
				IPHONEOS_DEPLOYMENT_TARGET = 16.0;
				MTL_ENABLE_DEBUG_INFO = NO;
				MTL_FAST_MATH = YES;
				SDKROOT = iphoneos;
				SWIFT_COMPILATION_MODE = wholemodule;
				SWIFT_OPTIMIZATION_LEVEL = "-O";
				VALIDATE_PRODUCT = YES;
			};
			name = Release;
		};
		7555FFA6242A565B00829871 /* Debug */ = {
			isa = XCBuildConfiguration;
			baseConfigurationReference = D74E563207F2CD3D3BF724E8 /* Pods-iosApp.debug.xcconfig */;
			buildSettings = {
				ASSETCATALOG_COMPILER_APPICON_NAME = AppIcon;
				CODE_SIGN_IDENTITY = "Apple Development";
				CODE_SIGN_STYLE = Automatic;
				DEVELOPMENT_ASSET_PATHS = "\"iosApp/Preview Content\"";
				DEVELOPMENT_TEAM = DBJ2D69UL9;
				ENABLE_PREVIEWS = YES;
				FRAMEWORK_SEARCH_PATHS = (
					"$(inherited)",
					"$(SRCROOT)/../shared/build/xcode-frameworks/$(CONFIGURATION)/$(SDK_NAME)",
				);
				INFOPLIST_FILE = iosApp/Info.plist;
				IPHONEOS_DEPLOYMENT_TARGET = 16.0;
				LD_RUNPATH_SEARCH_PATHS = (
					"$(inherited)",
					"@executable_path/Frameworks",
				);
				OTHER_LDFLAGS = (
					"$(inherited)",
					"-l\"c++\"",
					"-l\"z\"",
					"-framework",
					"\"FBLPromises\"",
					"-framework",
					"\"FirebaseAppCheckInterop\"",
					"-framework",
					"\"FirebaseAuth\"",
					"-framework",
					"\"FirebaseCore\"",
					"-framework",
					"\"FirebaseCoreInternal\"",
					"-framework",
					"\"Foundation\"",
					"-framework",
					"\"GTMSessionFetcher\"",
					"-framework",
					"\"GoogleUtilities\"",
					"-framework",
					"\"RecaptchaInterop\"",
					"-framework",
					"\"SafariServices\"",
					"-framework",
					"\"Security\"",
					"-framework",
					"\"SystemConfiguration\"",
					"-framework",
					"\"UIKit\"",
					"-framework",
					"\"shared\"",
					"-lsqlite3",
				);
				PRODUCT_BUNDLE_IDENTIFIER = "${BUNDLE_ID}${TEAM_ID}";
				PRODUCT_NAME = "${APP_NAME}";
				PROVISIONING_PROFILE_SPECIFIER = "";
				SWIFT_VERSION = 5.0;
				TARGETED_DEVICE_FAMILY = "1,2";
			};
			name = Debug;
		};
		7555FFA7242A565B00829871 /* Release */ = {
			isa = XCBuildConfiguration;
			baseConfigurationReference = 495CD30E0D0C57F4D693418F /* Pods-iosApp.release.xcconfig */;
			buildSettings = {
				ASSETCATALOG_COMPILER_APPICON_NAME = AppIcon;
				CODE_SIGN_IDENTITY = "Apple Development";
				CODE_SIGN_STYLE = Automatic;
				DEVELOPMENT_ASSET_PATHS = "\"iosApp/Preview Content\"";
				DEVELOPMENT_TEAM = DBJ2D69UL9;
				ENABLE_PREVIEWS = YES;
				FRAMEWORK_SEARCH_PATHS = (
					"$(inherited)",
					"$(SRCROOT)/../shared/build/xcode-frameworks/$(CONFIGURATION)/$(SDK_NAME)",
				);
				INFOPLIST_FILE = iosApp/Info.plist;
				IPHONEOS_DEPLOYMENT_TARGET = 16.0;
				LD_RUNPATH_SEARCH_PATHS = (
					"$(inherited)",
					"@executable_path/Frameworks",
				);
				OTHER_LDFLAGS = (
					"$(inherited)",
					"-l\"c++\"",
					"-l\"z\"",
					"-framework",
					"\"FBLPromises\"",
					"-framework",
					"\"FirebaseAppCheckInterop\"",
					"-framework",
					"\"FirebaseAuth\"",
					"-framework",
					"\"FirebaseCore\"",
					"-framework",
					"\"FirebaseCoreInternal\"",
					"-framework",
					"\"Foundation\"",
					"-framework",
					"\"GTMSessionFetcher\"",
					"-framework",
					"\"GoogleUtilities\"",
					"-framework",
					"\"RecaptchaInterop\"",
					"-framework",
					"\"SafariServices\"",
					"-framework",
					"\"Security\"",
					"-framework",
					"\"SystemConfiguration\"",
					"-framework",
					"\"UIKit\"",
					"-framework",
					"\"shared\"",
					"-lsqlite3",
				);
				PRODUCT_BUNDLE_IDENTIFIER = "${BUNDLE_ID}${TEAM_ID}";
				PRODUCT_NAME = "${APP_NAME}";
				PROVISIONING_PROFILE_SPECIFIER = "";
				SWIFT_VERSION = 5.0;
				TARGETED_DEVICE_FAMILY = "1,2";
			};
			name = Release;
		};
/* End XCBuildConfiguration section */

/* Begin XCConfigurationList section */
		7555FF76242A565900829871 /* Build configuration list for PBXProject "iosApp" */ = {
			isa = XCConfigurationList;
			buildConfigurations = (
				7555FFA3242A565B00829871 /* Debug */,
				7555FFA4242A565B00829871 /* Release */,
			);
			defaultConfigurationIsVisible = 0;
			defaultConfigurationName = Release;
		};
		7555FFA5242A565B00829871 /* Build configuration list for PBXNativeTarget "iosApp" */ = {
			isa = XCConfigurationList;
			buildConfigurations = (
				7555FFA6242A565B00829871 /* Debug */,
				7555FFA7242A565B00829871 /* Release */,
			);
			defaultConfigurationIsVisible = 0;
			defaultConfigurationName = Release;
		};
/* End XCConfigurationList section */
	};
	rootObject = 7555FF73242A565900829871 /* Project object */;
}
